{
  "name": "wDatjs-boilerplate",
  "lockfileVersion": 3,
  "requires": true,
  "packages": {
    "": {
      "dependencies": {
        "wdatjs": "^1.1.9"
      }
    },
    "node_modules/wdatjs": {
      "version": "1.1.9",
      "resolved": "https://registry.npmjs.org/wdatjs/-/wdatjs-1.1.9.tgz",
      "integrity": "sha512-n9qpidWW3dLlDHwd2dqwCrHcBD+QnSG30tu2vZPqKiQA1bqpDVzYt80a0872UwYKdmcJB9ZJC/fI+nQbtSdBKg==",
      "dependencies": {
        "wdatjs": "^1.1.6"
      }
    }
  }
}
